
Microsoft Visual Studio Solution File, Format Version 12.00
# Visual Studio Version 16
VisualStudioVersion = 16.0.31321.278
MinimumVisualStudioVersion = 10.0.40219.1
Project("{FAE04EC0-301F-11D3-BF4B-00C04F79EFBC}") = "WebApplication1", "WebApplication1.csproj", "{9DD49BF9-5F50-4A8A-A400-49B70D8B1794}"
EndProject
Project("{FAE04EC0-301F-11D3-BF4B-00C04F79EFBC}") = "WebApplication.Data", "..\WebApplication.Data\WebApplication.Data.csproj", "{43F94F36-C559-4042-8DF3-D4A6F628C576}"
EndProject
Project("{FAE04EC0-301F-11D3-BF4B-00C04F79EFBC}") = "WebApplication.Service", "..\WebApplication.Service\WebApplication.Service.csproj", "{D6505215-3F79-4506-9C17-F642BF027666}"
EndProject
Global
	GlobalSection(SolutionConfigurationPlatforms) = preSolution
		Debug|Any CPU = Debug|Any CPU
		Release|Any CPU = Release|Any CPU
	EndGlobalSection
	GlobalSection(ProjectConfigurationPlatforms) = postSolution
		{9DD49BF9-5F50-4A8A-A400-49B70D8B1794}.Debug|Any CPU.ActiveCfg = Debug|Any CPU
		{9DD49BF9-5F50-4A8A-A400-49B70D8B1794}.Debug|Any CPU.Build.0 = Debug|Any CPU
		{9DD49BF9-5F50-4A8A-A400-49B70D8B1794}.Release|Any CPU.ActiveCfg = Release|Any CPU
		{9DD49BF9-5F50-4A8A-A400-49B70D8B1794}.Release|Any CPU.Build.0 = Release|Any CPU
		{43F94F36-C559-4042-8DF3-D4A6F628C576}.Debug|Any CPU.ActiveCfg = Debug|Any CPU
		{43F94F36-C559-4042-8DF3-D4A6F628C576}.Debug|Any CPU.Build.0 = Debug|Any CPU
		{43F94F36-C559-4042-8DF3-D4A6F628C576}.Release|Any CPU.ActiveCfg = Release|Any CPU
		{43F94F36-C559-4042-8DF3-D4A6F628C576}.Release|Any CPU.Build.0 = Release|Any CPU
		{D6505215-3F79-4506-9C17-F642BF027666}.Debug|Any CPU.ActiveCfg = Debug|Any CPU
		{D6505215-3F79-4506-9C17-F642BF027666}.Debug|Any CPU.Build.0 = Debug|Any CPU
		{D6505215-3F79-4506-9C17-F642BF027666}.Release|Any CPU.ActiveCfg = Release|Any CPU
		{D6505215-3F79-4506-9C17-F642BF027666}.Release|Any CPU.Build.0 = Release|Any CPU
	EndGlobalSection
	GlobalSection(SolutionProperties) = preSolution
		HideSolutionNode = FALSE
	EndGlobalSection
	GlobalSection(ExtensibilityGlobals) = postSolution
		SolutionGuid = {879D6CF8-FC41-4F87-AB8C-67100526245A}
	EndGlobalSection
EndGlobal
